{
    "doctrine/event-manager": {
        "version": "v1.0.0"
    },
    "doctrine/persistence": {
        "version": "v1.0.0"
    },
    "doctrine/reflection": {
        "version": "v1.0.0"
    },
    "symfony/browser-kit": {
        "version": "v4.1.2"
    },
    "symfony/dom-crawler": {
        "version": "v4.1.2"
    },
    "symfony/flex": {
        "version": "1.0",
        "recipe": {
            "repo": "github.com/symfony/recipes",
            "branch": "master",
            "version": "1.0",
            "ref": "e921bdbfe20cdefa3b82f379d1cd36df1bc8d115"
        }
    },
    "symfony/phpunit-bridge": {
        "version": "4.1",
        "recipe": {
            "repo": "github.com/symfony/recipes",
            "branch": "master",
            "version": "4.1",
            "ref": "2955e26d3818b803d82b5de05d91805df5994d3a"
        }
    }
}
